# Gate YAML Block for Story 1.1 Test Design
# Generated by Quinn (Test Architect)
# Date: 2025-09-29

test_design:
  scenarios_total: 42
  by_level:
    unit: 24
    integration: 14
    e2e: 4
  by_priority:
    p0: 18
    p1: 16
    p2: 8
    p3: 0
  coverage_gaps: [] # All ACs have test coverage

  acceptance_criteria_coverage:
    AC1_event_bus_pipeline:
      tests: 9
      levels: [unit, integration, e2e]
    AC2_platform_abstraction:
      tests: 9
      levels: [unit, integration]
    AC3_performance_monitoring:
      tests: 7
      levels: [unit, integration, e2e]
    AC4_ttsevent_structure:
      tests: 6
      levels: [unit, integration]
    AC5_plugin_loader:
      tests: 11
      levels: [unit, integration, e2e]

  integration_verification_coverage:
    IV1_plugin_loading: [1.1-INT-010, 1.1-INT-011, 1.1-INT-012]
    IV2_performance_metrics: [1.1-INT-007, 1.1-INT-008, 1.1-E2E-002]
    IV3_pal_abstraction: [1.1-INT-004, 1.1-INT-005, 1.1-INT-006]
    IV4_event_tracing: [1.1-INT-002, 1.1-INT-009, 1.1-E2E-001]

  risk_mitigation:
    performance_degradation:
      priority: P0
      test_count: 4
      test_ids: [1.1-UNIT-012, 1.1-UNIT-013, 1.1-INT-007, 1.1-E2E-002]
    plugin_system_instability:
      priority: P0
      test_count: 3
      test_ids: [1.1-INT-010, 1.1-INT-011, 1.1-INT-012]
    event_bus_reliability:
      priority: P0
      test_count: 3
      test_ids: [1.1-UNIT-001, 1.1-UNIT-002, 1.1-UNIT-003]
    platform_compatibility:
      priority: P1
      test_count: 2
      test_ids: [1.1-INT-004, 1.1-INT-005]

  test_strategy_compliance:
    shift_left_applied: true # 57% unit tests vs 10% E2E
    risk_based_priority: true # P0 tests cover all critical paths
    no_duplicate_coverage: true # Each test has unique purpose
    performance_validated: true # Explicit performance test scenarios